{
  "name": "@phoenixillusion/babylonjs-jolt-plugin",
  "version": "1.4.1",
  "lockfileVersion": 3,
  "requires": true,
  "packages": {
    "": {
      "name": "@phoenixillusion/babylonjs-jolt-plugin",
      "version": "1.4.1",
      "dependencies": {
        "jolt-physics": "0.24.0"
      },
      "devDependencies": {
        "@babylonjs/core": "7.1.0",
        "typescript": "5.2.2"
      },
      "peerDependencies": {
        "@babylonjs/core": "6.x-7.x"
      }
    },
    "node_modules/@babylonjs/core": {
      "version": "7.1.0",
      "dev": true,
      "license": "Apache-2.0"
    },
    "node_modules/jolt-physics": {
      "version": "0.24.0",
      "license": "MIT"
    },
    "node_modules/typescript": {
      "version": "5.2.2",
      "dev": true,
      "license": "Apache-2.0",
      "bin": {
        "tsc": "bin/tsc",
        "tsserver": "bin/tsserver"
      },
      "engines": {
        "node": ">=14.17"
      }
    }
  }
}
