{
  "name": "babylonjs-jolt",
  "version": "0.0.0",
  "lockfileVersion": 2,
  "requires": true,
  "packages": {
    "": {
      "name": "babylonjs-jolt",
      "version": "0.0.0",
      "dependencies": {
        "@babylonjs/core": "6.23.0",
        "jolt-physics": "0.6.2"
      },
      "devDependencies": {
        "@babylonjs/inspector": "6.23.0",
        "typescript": "^5.0.2",
        "vite": "^4.4.5"
      }
    },
    "node_modules/@babylonjs/core": {
      "version": "6.23.0",
      "resolved": "https://registry.npmjs.org/@babylonjs/core/-/core-6.23.0.tgz",
      "integrity": "sha512-FnWkZaGGJPr7qxHTotEWvCtlGgjlCbj4FSxnJh2QPe0CWoztF7rHPB8a1obb87fBACHbwBEpQZkBaYOCmnu3Vg==",
      "license": "Apache-2.0"
    },
    "node_modules/@babylonjs/gui": {
      "version": "6.24.0",
      "resolved": "https://registry.npmjs.org/@babylonjs/gui/-/gui-6.24.0.tgz",
      "integrity": "sha512-mdWLdK+0NIrl2qgqIIBMxFp0Sriw26VD/MlVKQgqYHdkyAeshSM6CRNK9VJCBllrU47j6pCYfuFXj/cdNIkpqg==",
      "dev": true,
      "peer": true,
      "peerDependencies": {
        "@babylonjs/core": "^6.0.0"
      }
    },
    "node_modules/@babylonjs/gui-editor": {
      "version": "6.24.0",
      "resolved": "https://registry.npmjs.org/@babylonjs/gui-editor/-/gui-editor-6.24.0.tgz",
      "integrity": "sha512-6bTQaK13Q0WcsQHugyAqE1uBFGF8VNjf6XzIS65Mu0sZk4s0Baxj7/3L+H9msdAtC5Gqc04rep8Mye1+0uRK/Q==",
      "dev": true,
      "peer": true,
      "peerDependencies": {
        "@babylonjs/core": "^6.0.0",
        "@babylonjs/gui": "^6.0.0",
        "@types/react": ">=16.7.3",
        "@types/react-dom": ">=16.0.9"
      }
    },
    "node_modules/@babylonjs/inspector": {
      "version": "6.23.0",
      "resolved": "https://registry.npmjs.org/@babylonjs/inspector/-/inspector-6.23.0.tgz",
      "integrity": "sha512-KLEtX8PfQ2He0V1cH0BWJMVCRsAy7+2KBNjV9YTkqHSHsrVaRtNabJL7UxXkPr8LUVfaLIe6MXewJbjwbFSiAQ==",
      "dev": true,
      "license": "Apache-2.0",
      "dependencies": {
        "@fortawesome/fontawesome-svg-core": "^6.1.0",
        "@fortawesome/free-regular-svg-icons": "^6.0.0",
        "@fortawesome/free-solid-svg-icons": "^6.0.0"
      },
      "peerDependencies": {
        "@babylonjs/core": "^6.0.0",
        "@babylonjs/gui": "^6.0.0",
        "@babylonjs/gui-editor": "^6.0.0",
        "@babylonjs/loaders": "^6.0.0",
        "@babylonjs/materials": "^6.0.0",
        "@babylonjs/serializers": "^6.0.0",
        "@types/react": ">=16.7.3",
        "@types/react-dom": ">=16.0.9"
      }
    },
    "node_modules/@babylonjs/loaders": {
      "version": "6.24.0",
      "resolved": "https://registry.npmjs.org/@babylonjs/loaders/-/loaders-6.24.0.tgz",
      "integrity": "sha512-7E8V0ekiAo3TGM5cJjotJybfy1AjHVfZZb44lHl1K6HI3oEMkgL4qNMNYzF+8SGwSdrYUCa5n0WVpJ/foEf2MA==",
      "dev": true,
      "peer": true,
      "peerDependencies": {
        "@babylonjs/core": "^6.0.0",
        "babylonjs-gltf2interface": "^6.0.0"
      }
    },
    "node_modules/@babylonjs/materials": {
      "version": "6.24.0",
      "resolved": "https://registry.npmjs.org/@babylonjs/materials/-/materials-6.24.0.tgz",
      "integrity": "sha512-KOukqQ5tH+qFT9MQf1Xbg5QbE/MTgTxRH01H6JsaR+E/5sSKrJrzfUBsnm7dhu22cGbKjl1Wk6mh95q27aQWTg==",
      "dev": true,
      "peer": true,
      "peerDependencies": {
        "@babylonjs/core": "^6.0.0"
      }
    },
    "node_modules/@babylonjs/serializers": {
      "version": "6.24.0",
      "resolved": "https://registry.npmjs.org/@babylonjs/serializers/-/serializers-6.24.0.tgz",
      "integrity": "sha512-3CFeyh9O+aBZQa2aGW252M22+3VoJVK00op2duQAu7AlczeAiXZnGO9OCmEkD5P/ZrvTkAgkrWnI+LyP+gWs4A==",
      "dev": true,
      "peer": true,
      "peerDependencies": {
        "@babylonjs/core": "^6.0.0",
        "babylonjs-gltf2interface": "^6.0.0"
      }
    },
    "node_modules/@esbuild/darwin-x64": {
      "version": "0.18.20",
      "resolved": "https://registry.npmjs.org/@esbuild/darwin-x64/-/darwin-x64-0.18.20.tgz",
      "integrity": "sha512-pc5gxlMDxzm513qPGbCbDukOdsGtKhfxD1zJKXjCCcU7ju50O7MeAZ8c4krSJcOIJGFR+qx21yMMVYwiQvyTyQ==",
      "cpu": [
        "x64"
      ],
      "dev": true,
      "license": "MIT",
      "optional": true,
      "os": [
        "darwin"
      ],
      "engines": {
        "node": ">=12"
      }
    },
    "node_modules/@fortawesome/fontawesome-common-types": {
      "version": "6.4.2",
      "resolved": "https://registry.npmjs.org/@fortawesome/fontawesome-common-types/-/fontawesome-common-types-6.4.2.tgz",
      "integrity": "sha512-1DgP7f+XQIJbLFCTX1V2QnxVmpLdKdzzo2k8EmvDOePfchaIGQ9eCHj2up3/jNEbZuBqel5OxiaOJf37TWauRA==",
      "dev": true,
      "hasInstallScript": true,
      "license": "MIT",
      "engines": {
        "node": ">=6"
      }
    },
    "node_modules/@fortawesome/fontawesome-svg-core": {
      "version": "6.4.2",
      "resolved": "https://registry.npmjs.org/@fortawesome/fontawesome-svg-core/-/fontawesome-svg-core-6.4.2.tgz",
      "integrity": "sha512-gjYDSKv3TrM2sLTOKBc5rH9ckje8Wrwgx1CxAPbN5N3Fm4prfi7NsJVWd1jklp7i5uSCVwhZS5qlhMXqLrpAIg==",
      "dev": true,
      "hasInstallScript": true,
      "license": "MIT",
      "dependencies": {
        "@fortawesome/fontawesome-common-types": "6.4.2"
      },
      "engines": {
        "node": ">=6"
      }
    },
    "node_modules/@fortawesome/free-regular-svg-icons": {
      "version": "6.4.2",
      "resolved": "https://registry.npmjs.org/@fortawesome/free-regular-svg-icons/-/free-regular-svg-icons-6.4.2.tgz",
      "integrity": "sha512-0+sIUWnkgTVVXVAPQmW4vxb9ZTHv0WstOa3rBx9iPxrrrDH6bNLsDYuwXF9b6fGm+iR7DKQvQshUH/FJm3ed9Q==",
      "dev": true,
      "hasInstallScript": true,
      "license": "(CC-BY-4.0 AND MIT)",
      "dependencies": {
        "@fortawesome/fontawesome-common-types": "6.4.2"
      },
      "engines": {
        "node": ">=6"
      }
    },
    "node_modules/@fortawesome/free-solid-svg-icons": {
      "version": "6.4.2",
      "resolved": "https://registry.npmjs.org/@fortawesome/free-solid-svg-icons/-/free-solid-svg-icons-6.4.2.tgz",
      "integrity": "sha512-sYwXurXUEQS32fZz9hVCUUv/xu49PEJEyUOsA51l6PU/qVgfbTb2glsTEaJngVVT8VqBATRIdh7XVgV1JF1LkA==",
      "dev": true,
      "hasInstallScript": true,
      "license": "(CC-BY-4.0 AND MIT)",
      "dependencies": {
        "@fortawesome/fontawesome-common-types": "6.4.2"
      },
      "engines": {
        "node": ">=6"
      }
    },
    "node_modules/@types/prop-types": {
      "version": "15.7.8",
      "resolved": "https://registry.npmjs.org/@types/prop-types/-/prop-types-15.7.8.tgz",
      "integrity": "sha512-kMpQpfZKSCBqltAJwskgePRaYRFukDkm1oItcAbC3gNELR20XIBcN9VRgg4+m8DKsTfkWeA4m4Imp4DDuWy7FQ==",
      "dev": true,
      "peer": true
    },
    "node_modules/@types/react": {
      "version": "18.2.28",
      "resolved": "https://registry.npmjs.org/@types/react/-/react-18.2.28.tgz",
      "integrity": "sha512-ad4aa/RaaJS3hyGz0BGegdnSRXQBkd1CCYDCdNjBPg90UUpLgo+WlJqb9fMYUxtehmzF3PJaTWqRZjko6BRzBg==",
      "dev": true,
      "peer": true,
      "dependencies": {
        "@types/prop-types": "*",
        "@types/scheduler": "*",
        "csstype": "^3.0.2"
      }
    },
    "node_modules/@types/react-dom": {
      "version": "18.2.13",
      "resolved": "https://registry.npmjs.org/@types/react-dom/-/react-dom-18.2.13.tgz",
      "integrity": "sha512-eJIUv7rPP+EC45uNYp/ThhSpE16k22VJUknt5OLoH9tbXoi8bMhwLf5xRuWMywamNbWzhrSmU7IBJfPup1+3fw==",
      "dev": true,
      "peer": true,
      "dependencies": {
        "@types/react": "*"
      }
    },
    "node_modules/@types/scheduler": {
      "version": "0.16.4",
      "resolved": "https://registry.npmjs.org/@types/scheduler/-/scheduler-0.16.4.tgz",
      "integrity": "sha512-2L9ifAGl7wmXwP4v3pN4p2FLhD0O1qsJpvKmNin5VA8+UvNVb447UDaAEV6UdrkA+m/Xs58U1RFps44x6TFsVQ==",
      "dev": true,
      "peer": true
    },
    "node_modules/babylonjs-gltf2interface": {
      "version": "6.24.0",
      "resolved": "https://registry.npmjs.org/babylonjs-gltf2interface/-/babylonjs-gltf2interface-6.24.0.tgz",
      "integrity": "sha512-WapkyVGqvKa50sTNm7g+DmOwAokNjYXV8JkKeyCz10XDLTWZIxQgJKBCp8MtidVAsLuclm2dnmZmKr+xr3ICOg==",
      "dev": true,
      "peer": true
    },
    "node_modules/csstype": {
      "version": "3.1.2",
      "resolved": "https://registry.npmjs.org/csstype/-/csstype-3.1.2.tgz",
      "integrity": "sha512-I7K1Uu0MBPzaFKg4nI5Q7Vs2t+3gWWW648spaF+Rg7pI9ds18Ugn+lvg4SHczUdKlHI5LWBXyqfS8+DufyBsgQ==",
      "dev": true,
      "peer": true
    },
    "node_modules/esbuild": {
      "version": "0.18.20",
      "resolved": "https://registry.npmjs.org/esbuild/-/esbuild-0.18.20.tgz",
      "integrity": "sha512-ceqxoedUrcayh7Y7ZX6NdbbDzGROiyVBgC4PriJThBKSVPWnnFHZAkfI1lJT8QFkOwH4qOS2SJkS4wvpGl8BpA==",
      "dev": true,
      "hasInstallScript": true,
      "license": "MIT",
      "bin": {
        "esbuild": "bin/esbuild"
      },
      "engines": {
        "node": ">=12"
      },
      "optionalDependencies": {
        "@esbuild/android-arm": "0.18.20",
        "@esbuild/android-arm64": "0.18.20",
        "@esbuild/android-x64": "0.18.20",
        "@esbuild/darwin-arm64": "0.18.20",
        "@esbuild/darwin-x64": "0.18.20",
        "@esbuild/freebsd-arm64": "0.18.20",
        "@esbuild/freebsd-x64": "0.18.20",
        "@esbuild/linux-arm": "0.18.20",
        "@esbuild/linux-arm64": "0.18.20",
        "@esbuild/linux-ia32": "0.18.20",
        "@esbuild/linux-loong64": "0.18.20",
        "@esbuild/linux-mips64el": "0.18.20",
        "@esbuild/linux-ppc64": "0.18.20",
        "@esbuild/linux-riscv64": "0.18.20",
        "@esbuild/linux-s390x": "0.18.20",
        "@esbuild/linux-x64": "0.18.20",
        "@esbuild/netbsd-x64": "0.18.20",
        "@esbuild/openbsd-x64": "0.18.20",
        "@esbuild/sunos-x64": "0.18.20",
        "@esbuild/win32-arm64": "0.18.20",
        "@esbuild/win32-ia32": "0.18.20",
        "@esbuild/win32-x64": "0.18.20"
      }
    },
    "node_modules/fsevents": {
      "version": "2.3.3",
      "resolved": "https://registry.npmjs.org/fsevents/-/fsevents-2.3.3.tgz",
      "integrity": "sha512-5xoDfX+fL7faATnagmWPpbFtwh/R77WmMMqqHGS65C3vvB0YHrgF+B1YmZ3441tMj5n63k0212XNoJwzlhffQw==",
      "dev": true,
      "license": "MIT",
      "optional": true,
      "os": [
        "darwin"
      ],
      "engines": {
        "node": "^8.16.0 || ^10.6.0 || >=11.0.0"
      }
    },
    "node_modules/jolt-physics": {
      "version": "0.6.2",
      "resolved": "https://registry.npmjs.org/jolt-physics/-/jolt-physics-0.6.2.tgz",
      "integrity": "sha512-3avicX54W/gpQevhY+flG3DZasrpVM+J7T/xvYCo8RafH31yjHLaKdye/oqNx2XaAhxQAOLCZNN0LWfrk1HfzA=="
    },
    "node_modules/nanoid": {
      "version": "3.3.6",
      "resolved": "https://registry.npmjs.org/nanoid/-/nanoid-3.3.6.tgz",
      "integrity": "sha512-BGcqMMJuToF7i1rt+2PWSNVnWIkGCU78jBG3RxO/bZlnZPK2Cmi2QaffxGO/2RvWi9sL+FAiRiXMgsyxQ1DIDA==",
      "dev": true,
      "funding": [
        {
          "type": "github",
          "url": "https://github.com/sponsors/ai"
        }
      ],
      "license": "MIT",
      "bin": {
        "nanoid": "bin/nanoid.cjs"
      },
      "engines": {
        "node": "^10 || ^12 || ^13.7 || ^14 || >=15.0.1"
      }
    },
    "node_modules/picocolors": {
      "version": "1.0.0",
      "resolved": "https://registry.npmjs.org/picocolors/-/picocolors-1.0.0.tgz",
      "integrity": "sha512-1fygroTLlHu66zi26VoTDv8yRgm0Fccecssto+MhsZ0D/DGW2sm8E8AjW7NU5VVTRt5GxbeZ5qBuJr+HyLYkjQ==",
      "dev": true,
      "license": "ISC"
    },
    "node_modules/postcss": {
      "version": "8.4.31",
      "resolved": "https://registry.npmjs.org/postcss/-/postcss-8.4.31.tgz",
      "integrity": "sha512-PS08Iboia9mts/2ygV3eLpY5ghnUcfLV/EXTOW1E2qYxJKGGBUtNjN76FYHnMs36RmARn41bC0AZmn+rR0OVpQ==",
      "dev": true,
      "funding": [
        {
          "type": "opencollective",
          "url": "https://opencollective.com/postcss/"
        },
        {
          "type": "tidelift",
          "url": "https://tidelift.com/funding/github/npm/postcss"
        },
        {
          "type": "github",
          "url": "https://github.com/sponsors/ai"
        }
      ],
      "license": "MIT",
      "dependencies": {
        "nanoid": "^3.3.6",
        "picocolors": "^1.0.0",
        "source-map-js": "^1.0.2"
      },
      "engines": {
        "node": "^10 || ^12 || >=14"
      }
    },
    "node_modules/rollup": {
      "version": "3.29.4",
      "resolved": "https://registry.npmjs.org/rollup/-/rollup-3.29.4.tgz",
      "integrity": "sha512-oWzmBZwvYrU0iJHtDmhsm662rC15FRXmcjCk1xD771dFDx5jJ02ufAQQTn0etB2emNk4J9EZg/yWKpsn9BWGRw==",
      "dev": true,
      "license": "MIT",
      "bin": {
        "rollup": "dist/bin/rollup"
      },
      "engines": {
        "node": ">=14.18.0",
        "npm": ">=8.0.0"
      },
      "optionalDependencies": {
        "fsevents": "~2.3.2"
      }
    },
    "node_modules/source-map-js": {
      "version": "1.0.2",
      "resolved": "https://registry.npmjs.org/source-map-js/-/source-map-js-1.0.2.tgz",
      "integrity": "sha512-R0XvVJ9WusLiqTCEiGCmICCMplcCkIwwR11mOSD9CR5u+IXYdiseeEuXCVAjS54zqwkLcPNnmU4OeJ6tUrWhDw==",
      "dev": true,
      "license": "BSD-3-Clause",
      "engines": {
        "node": ">=0.10.0"
      }
    },
    "node_modules/typescript": {
      "version": "5.2.2",
      "resolved": "https://registry.npmjs.org/typescript/-/typescript-5.2.2.tgz",
      "integrity": "sha512-mI4WrpHsbCIcwT9cF4FZvr80QUeKvsUsUvKDoR+X/7XHQH98xYD8YHZg7ANtz2GtZt/CBq2QJ0thkGJMHfqc1w==",
      "dev": true,
      "license": "Apache-2.0",
      "bin": {
        "tsc": "bin/tsc",
        "tsserver": "bin/tsserver"
      },
      "engines": {
        "node": ">=14.17"
      }
    },
    "node_modules/vite": {
      "version": "4.4.11",
      "resolved": "https://registry.npmjs.org/vite/-/vite-4.4.11.tgz",
      "integrity": "sha512-ksNZJlkcU9b0lBwAGZGGaZHCMqHsc8OpgtoYhsQ4/I2v5cnpmmmqe5pM4nv/4Hn6G/2GhTdj0DhZh2e+Er1q5A==",
      "dev": true,
      "license": "MIT",
      "dependencies": {
        "esbuild": "^0.18.10",
        "postcss": "^8.4.27",
        "rollup": "^3.27.1"
      },
      "bin": {
        "vite": "bin/vite.js"
      },
      "engines": {
        "node": "^14.18.0 || >=16.0.0"
      },
      "funding": {
        "url": "https://github.com/vitejs/vite?sponsor=1"
      },
      "optionalDependencies": {
        "fsevents": "~2.3.2"
      },
      "peerDependencies": {
        "@types/node": ">= 14",
        "less": "*",
        "lightningcss": "^1.21.0",
        "sass": "*",
        "stylus": "*",
        "sugarss": "*",
        "terser": "^5.4.0"
      },
      "peerDependenciesMeta": {
        "@types/node": {
          "optional": true
        },
        "less": {
          "optional": true
        },
        "lightningcss": {
          "optional": true
        },
        "sass": {
          "optional": true
        },
        "stylus": {
          "optional": true
        },
        "sugarss": {
          "optional": true
        },
        "terser": {
          "optional": true
        }
      }
    }
  },
  "dependencies": {
    "@babylonjs/core": {
      "version": "6.23.0",
      "resolved": "https://registry.npmjs.org/@babylonjs/core/-/core-6.23.0.tgz",
      "integrity": "sha512-FnWkZaGGJPr7qxHTotEWvCtlGgjlCbj4FSxnJh2QPe0CWoztF7rHPB8a1obb87fBACHbwBEpQZkBaYOCmnu3Vg=="
    },
    "@babylonjs/gui": {
      "version": "6.24.0",
      "resolved": "https://registry.npmjs.org/@babylonjs/gui/-/gui-6.24.0.tgz",
      "integrity": "sha512-mdWLdK+0NIrl2qgqIIBMxFp0Sriw26VD/MlVKQgqYHdkyAeshSM6CRNK9VJCBllrU47j6pCYfuFXj/cdNIkpqg==",
      "dev": true,
      "peer": true,
      "requires": {}
    },
    "@babylonjs/gui-editor": {
      "version": "6.24.0",
      "resolved": "https://registry.npmjs.org/@babylonjs/gui-editor/-/gui-editor-6.24.0.tgz",
      "integrity": "sha512-6bTQaK13Q0WcsQHugyAqE1uBFGF8VNjf6XzIS65Mu0sZk4s0Baxj7/3L+H9msdAtC5Gqc04rep8Mye1+0uRK/Q==",
      "dev": true,
      "peer": true,
      "requires": {}
    },
    "@babylonjs/inspector": {
      "version": "6.23.0",
      "resolved": "https://registry.npmjs.org/@babylonjs/inspector/-/inspector-6.23.0.tgz",
      "integrity": "sha512-KLEtX8PfQ2He0V1cH0BWJMVCRsAy7+2KBNjV9YTkqHSHsrVaRtNabJL7UxXkPr8LUVfaLIe6MXewJbjwbFSiAQ==",
      "dev": true,
      "requires": {
        "@fortawesome/fontawesome-svg-core": "^6.1.0",
        "@fortawesome/free-regular-svg-icons": "^6.0.0",
        "@fortawesome/free-solid-svg-icons": "^6.0.0"
      }
    },
    "@babylonjs/loaders": {
      "version": "6.24.0",
      "resolved": "https://registry.npmjs.org/@babylonjs/loaders/-/loaders-6.24.0.tgz",
      "integrity": "sha512-7E8V0ekiAo3TGM5cJjotJybfy1AjHVfZZb44lHl1K6HI3oEMkgL4qNMNYzF+8SGwSdrYUCa5n0WVpJ/foEf2MA==",
      "dev": true,
      "peer": true,
      "requires": {}
    },
    "@babylonjs/materials": {
      "version": "6.24.0",
      "resolved": "https://registry.npmjs.org/@babylonjs/materials/-/materials-6.24.0.tgz",
      "integrity": "sha512-KOukqQ5tH+qFT9MQf1Xbg5QbE/MTgTxRH01H6JsaR+E/5sSKrJrzfUBsnm7dhu22cGbKjl1Wk6mh95q27aQWTg==",
      "dev": true,
      "peer": true,
      "requires": {}
    },
    "@babylonjs/serializers": {
      "version": "6.24.0",
      "resolved": "https://registry.npmjs.org/@babylonjs/serializers/-/serializers-6.24.0.tgz",
      "integrity": "sha512-3CFeyh9O+aBZQa2aGW252M22+3VoJVK00op2duQAu7AlczeAiXZnGO9OCmEkD5P/ZrvTkAgkrWnI+LyP+gWs4A==",
      "dev": true,
      "peer": true,
      "requires": {}
    },
    "@esbuild/darwin-x64": {
      "version": "0.18.20",
      "resolved": "https://registry.npmjs.org/@esbuild/darwin-x64/-/darwin-x64-0.18.20.tgz",
      "integrity": "sha512-pc5gxlMDxzm513qPGbCbDukOdsGtKhfxD1zJKXjCCcU7ju50O7MeAZ8c4krSJcOIJGFR+qx21yMMVYwiQvyTyQ==",
      "dev": true,
      "optional": true
    },
    "@fortawesome/fontawesome-common-types": {
      "version": "6.4.2",
      "resolved": "https://registry.npmjs.org/@fortawesome/fontawesome-common-types/-/fontawesome-common-types-6.4.2.tgz",
      "integrity": "sha512-1DgP7f+XQIJbLFCTX1V2QnxVmpLdKdzzo2k8EmvDOePfchaIGQ9eCHj2up3/jNEbZuBqel5OxiaOJf37TWauRA==",
      "dev": true
    },
    "@fortawesome/fontawesome-svg-core": {
      "version": "6.4.2",
      "resolved": "https://registry.npmjs.org/@fortawesome/fontawesome-svg-core/-/fontawesome-svg-core-6.4.2.tgz",
      "integrity": "sha512-gjYDSKv3TrM2sLTOKBc5rH9ckje8Wrwgx1CxAPbN5N3Fm4prfi7NsJVWd1jklp7i5uSCVwhZS5qlhMXqLrpAIg==",
      "dev": true,
      "requires": {
        "@fortawesome/fontawesome-common-types": "6.4.2"
      }
    },
    "@fortawesome/free-regular-svg-icons": {
      "version": "6.4.2",
      "resolved": "https://registry.npmjs.org/@fortawesome/free-regular-svg-icons/-/free-regular-svg-icons-6.4.2.tgz",
      "integrity": "sha512-0+sIUWnkgTVVXVAPQmW4vxb9ZTHv0WstOa3rBx9iPxrrrDH6bNLsDYuwXF9b6fGm+iR7DKQvQshUH/FJm3ed9Q==",
      "dev": true,
      "requires": {
        "@fortawesome/fontawesome-common-types": "6.4.2"
      }
    },
    "@fortawesome/free-solid-svg-icons": {
      "version": "6.4.2",
      "resolved": "https://registry.npmjs.org/@fortawesome/free-solid-svg-icons/-/free-solid-svg-icons-6.4.2.tgz",
      "integrity": "sha512-sYwXurXUEQS32fZz9hVCUUv/xu49PEJEyUOsA51l6PU/qVgfbTb2glsTEaJngVVT8VqBATRIdh7XVgV1JF1LkA==",
      "dev": true,
      "requires": {
        "@fortawesome/fontawesome-common-types": "6.4.2"
      }
    },
    "@types/prop-types": {
      "version": "15.7.8",
      "resolved": "https://registry.npmjs.org/@types/prop-types/-/prop-types-15.7.8.tgz",
      "integrity": "sha512-kMpQpfZKSCBqltAJwskgePRaYRFukDkm1oItcAbC3gNELR20XIBcN9VRgg4+m8DKsTfkWeA4m4Imp4DDuWy7FQ==",
      "dev": true,
      "peer": true
    },
    "@types/react": {
      "version": "18.2.28",
      "resolved": "https://registry.npmjs.org/@types/react/-/react-18.2.28.tgz",
      "integrity": "sha512-ad4aa/RaaJS3hyGz0BGegdnSRXQBkd1CCYDCdNjBPg90UUpLgo+WlJqb9fMYUxtehmzF3PJaTWqRZjko6BRzBg==",
      "dev": true,
      "peer": true,
      "requires": {
        "@types/prop-types": "*",
        "@types/scheduler": "*",
        "csstype": "^3.0.2"
      }
    },
    "@types/react-dom": {
      "version": "18.2.13",
      "resolved": "https://registry.npmjs.org/@types/react-dom/-/react-dom-18.2.13.tgz",
      "integrity": "sha512-eJIUv7rPP+EC45uNYp/ThhSpE16k22VJUknt5OLoH9tbXoi8bMhwLf5xRuWMywamNbWzhrSmU7IBJfPup1+3fw==",
      "dev": true,
      "peer": true,
      "requires": {
        "@types/react": "*"
      }
    },
    "@types/scheduler": {
      "version": "0.16.4",
      "resolved": "https://registry.npmjs.org/@types/scheduler/-/scheduler-0.16.4.tgz",
      "integrity": "sha512-2L9ifAGl7wmXwP4v3pN4p2FLhD0O1qsJpvKmNin5VA8+UvNVb447UDaAEV6UdrkA+m/Xs58U1RFps44x6TFsVQ==",
      "dev": true,
      "peer": true
    },
    "babylonjs-gltf2interface": {
      "version": "6.24.0",
      "resolved": "https://registry.npmjs.org/babylonjs-gltf2interface/-/babylonjs-gltf2interface-6.24.0.tgz",
      "integrity": "sha512-WapkyVGqvKa50sTNm7g+DmOwAokNjYXV8JkKeyCz10XDLTWZIxQgJKBCp8MtidVAsLuclm2dnmZmKr+xr3ICOg==",
      "dev": true,
      "peer": true
    },
    "csstype": {
      "version": "3.1.2",
      "resolved": "https://registry.npmjs.org/csstype/-/csstype-3.1.2.tgz",
      "integrity": "sha512-I7K1Uu0MBPzaFKg4nI5Q7Vs2t+3gWWW648spaF+Rg7pI9ds18Ugn+lvg4SHczUdKlHI5LWBXyqfS8+DufyBsgQ==",
      "dev": true,
      "peer": true
    },
    "esbuild": {
      "version": "0.18.20",
      "resolved": "https://registry.npmjs.org/esbuild/-/esbuild-0.18.20.tgz",
      "integrity": "sha512-ceqxoedUrcayh7Y7ZX6NdbbDzGROiyVBgC4PriJThBKSVPWnnFHZAkfI1lJT8QFkOwH4qOS2SJkS4wvpGl8BpA==",
      "dev": true,
      "requires": {
        "@esbuild/android-arm": "0.18.20",
        "@esbuild/android-arm64": "0.18.20",
        "@esbuild/android-x64": "0.18.20",
        "@esbuild/darwin-arm64": "0.18.20",
        "@esbuild/darwin-x64": "0.18.20",
        "@esbuild/freebsd-arm64": "0.18.20",
        "@esbuild/freebsd-x64": "0.18.20",
        "@esbuild/linux-arm": "0.18.20",
        "@esbuild/linux-arm64": "0.18.20",
        "@esbuild/linux-ia32": "0.18.20",
        "@esbuild/linux-loong64": "0.18.20",
        "@esbuild/linux-mips64el": "0.18.20",
        "@esbuild/linux-ppc64": "0.18.20",
        "@esbuild/linux-riscv64": "0.18.20",
        "@esbuild/linux-s390x": "0.18.20",
        "@esbuild/linux-x64": "0.18.20",
        "@esbuild/netbsd-x64": "0.18.20",
        "@esbuild/openbsd-x64": "0.18.20",
        "@esbuild/sunos-x64": "0.18.20",
        "@esbuild/win32-arm64": "0.18.20",
        "@esbuild/win32-ia32": "0.18.20",
        "@esbuild/win32-x64": "0.18.20"
      }
    },
    "fsevents": {
      "version": "2.3.3",
      "resolved": "https://registry.npmjs.org/fsevents/-/fsevents-2.3.3.tgz",
      "integrity": "sha512-5xoDfX+fL7faATnagmWPpbFtwh/R77WmMMqqHGS65C3vvB0YHrgF+B1YmZ3441tMj5n63k0212XNoJwzlhffQw==",
      "dev": true,
      "optional": true
    },
    "jolt-physics": {
      "version": "0.6.2",
      "resolved": "https://registry.npmjs.org/jolt-physics/-/jolt-physics-0.6.2.tgz",
      "integrity": "sha512-3avicX54W/gpQevhY+flG3DZasrpVM+J7T/xvYCo8RafH31yjHLaKdye/oqNx2XaAhxQAOLCZNN0LWfrk1HfzA=="
    },
    "nanoid": {
      "version": "3.3.6",
      "resolved": "https://registry.npmjs.org/nanoid/-/nanoid-3.3.6.tgz",
      "integrity": "sha512-BGcqMMJuToF7i1rt+2PWSNVnWIkGCU78jBG3RxO/bZlnZPK2Cmi2QaffxGO/2RvWi9sL+FAiRiXMgsyxQ1DIDA==",
      "dev": true
    },
    "picocolors": {
      "version": "1.0.0",
      "resolved": "https://registry.npmjs.org/picocolors/-/picocolors-1.0.0.tgz",
      "integrity": "sha512-1fygroTLlHu66zi26VoTDv8yRgm0Fccecssto+MhsZ0D/DGW2sm8E8AjW7NU5VVTRt5GxbeZ5qBuJr+HyLYkjQ==",
      "dev": true
    },
    "postcss": {
      "version": "8.4.31",
      "resolved": "https://registry.npmjs.org/postcss/-/postcss-8.4.31.tgz",
      "integrity": "sha512-PS08Iboia9mts/2ygV3eLpY5ghnUcfLV/EXTOW1E2qYxJKGGBUtNjN76FYHnMs36RmARn41bC0AZmn+rR0OVpQ==",
      "dev": true,
      "requires": {
        "nanoid": "^3.3.6",
        "picocolors": "^1.0.0",
        "source-map-js": "^1.0.2"
      }
    },
    "rollup": {
      "version": "3.29.4",
      "resolved": "https://registry.npmjs.org/rollup/-/rollup-3.29.4.tgz",
      "integrity": "sha512-oWzmBZwvYrU0iJHtDmhsm662rC15FRXmcjCk1xD771dFDx5jJ02ufAQQTn0etB2emNk4J9EZg/yWKpsn9BWGRw==",
      "dev": true,
      "requires": {
        "fsevents": "~2.3.2"
      }
    },
    "source-map-js": {
      "version": "1.0.2",
      "resolved": "https://registry.npmjs.org/source-map-js/-/source-map-js-1.0.2.tgz",
      "integrity": "sha512-R0XvVJ9WusLiqTCEiGCmICCMplcCkIwwR11mOSD9CR5u+IXYdiseeEuXCVAjS54zqwkLcPNnmU4OeJ6tUrWhDw==",
      "dev": true
    },
    "typescript": {
      "version": "5.2.2",
      "resolved": "https://registry.npmjs.org/typescript/-/typescript-5.2.2.tgz",
      "integrity": "sha512-mI4WrpHsbCIcwT9cF4FZvr80QUeKvsUsUvKDoR+X/7XHQH98xYD8YHZg7ANtz2GtZt/CBq2QJ0thkGJMHfqc1w==",
      "dev": true
    },
    "vite": {
      "version": "4.4.11",
      "resolved": "https://registry.npmjs.org/vite/-/vite-4.4.11.tgz",
      "integrity": "sha512-ksNZJlkcU9b0lBwAGZGGaZHCMqHsc8OpgtoYhsQ4/I2v5cnpmmmqe5pM4nv/4Hn6G/2GhTdj0DhZh2e+Er1q5A==",
      "dev": true,
      "requires": {
        "esbuild": "^0.18.10",
        "fsevents": "~2.3.2",
        "postcss": "^8.4.27",
        "rollup": "^3.27.1"
      }
    }
  }
}
