{
  "name": "@phoenixillusion/babylonjs-jolt-plugin",
  "version": "1.0.0",
  "lockfileVersion": 2,
  "requires": true,
  "packages": {
    "": {
      "name": "@phoenixillusion/babylonjs-jolt-plugin",
      "version": "1.0.0",
      "dependencies": {
        "jolt-physics": "0.6.3"
      },
      "devDependencies": {
        "typescript": "5.2.2"
      },
      "peerDependencies": {
        "@babylonjs/core": "6.28.1"
      }
    },
    "node_modules/@babylonjs/core": {
      "version": "6.28.1",
      "resolved": "https://registry.npmjs.org/@babylonjs/core/-/core-6.28.1.tgz",
      "integrity": "sha512-7D0L//yQDq0WU5Mj6os3fGNoy8dtCONgRJ2ji2PMNwZlQ6jH3e5OnoaMYss1QuNCoGeTrXbNuNa7z8RezuFrCQ==",
      "peer": true
    },
    "node_modules/jolt-physics": {
      "version": "0.6.3",
      "resolved": "https://registry.npmjs.org/jolt-physics/-/jolt-physics-0.6.3.tgz",
      "integrity": "sha512-IYKoebftSklMk5LkI629TZ+xiigTyXwnF5uDeGv+DqWcM75DYFEaYNMBYLb8gV5eozuHYtu3q6DrarUT1kFjWg=="
    },
    "node_modules/typescript": {
      "version": "5.2.2",
      "resolved": "https://registry.npmjs.org/typescript/-/typescript-5.2.2.tgz",
      "integrity": "sha512-mI4WrpHsbCIcwT9cF4FZvr80QUeKvsUsUvKDoR+X/7XHQH98xYD8YHZg7ANtz2GtZt/CBq2QJ0thkGJMHfqc1w==",
      "dev": true,
      "bin": {
        "tsc": "bin/tsc",
        "tsserver": "bin/tsserver"
      },
      "engines": {
        "node": ">=14.17"
      }
    }
  },
  "dependencies": {
    "@babylonjs/core": {
      "version": "6.28.1",
      "resolved": "https://registry.npmjs.org/@babylonjs/core/-/core-6.28.1.tgz",
      "integrity": "sha512-7D0L//yQDq0WU5Mj6os3fGNoy8dtCONgRJ2ji2PMNwZlQ6jH3e5OnoaMYss1QuNCoGeTrXbNuNa7z8RezuFrCQ==",
      "peer": true
    },
    "jolt-physics": {
      "version": "0.6.3",
      "resolved": "https://registry.npmjs.org/jolt-physics/-/jolt-physics-0.6.3.tgz",
      "integrity": "sha512-IYKoebftSklMk5LkI629TZ+xiigTyXwnF5uDeGv+DqWcM75DYFEaYNMBYLb8gV5eozuHYtu3q6DrarUT1kFjWg=="
    },
    "typescript": {
      "version": "5.2.2",
      "resolved": "https://registry.npmjs.org/typescript/-/typescript-5.2.2.tgz",
      "integrity": "sha512-mI4WrpHsbCIcwT9cF4FZvr80QUeKvsUsUvKDoR+X/7XHQH98xYD8YHZg7ANtz2GtZt/CBq2QJ0thkGJMHfqc1w==",
      "dev": true
    }
  }
}
