# THIS IS AN AUTOGENERATED FILE. DO NOT EDIT THIS FILE DIRECTLY.
# yarn lockfile v1


"@babylonjs/core@6.23.0":
  "integrity" "sha512-FnWkZaGGJPr7qxHTotEWvCtlGgjlCbj4FSxnJh2QPe0CWoztF7rHPB8a1obb87fBACHbwBEpQZkBaYOCmnu3Vg=="
  "resolved" "https://registry.npmjs.org/@babylonjs/core/-/core-6.23.0.tgz"
  "version" "6.23.0"

"jolt-physics@0.6.3":
  "integrity" "sha512-IYKoebftSklMk5LkI629TZ+xiigTyXwnF5uDeGv+DqWcM75DYFEaYNMBYLb8gV5eozuHYtu3q6DrarUT1kFjWg=="
  "resolved" "https://registry.npmjs.org/jolt-physics/-/jolt-physics-0.6.3.tgz"
  "version" "0.6.3"

"typescript@5.2.2":
  "integrity" "sha512-mI4WrpHsbCIcwT9cF4FZvr80QUeKvsUsUvKDoR+X/7XHQH98xYD8YHZg7ANtz2GtZt/CBq2QJ0thkGJMHfqc1w=="
  "resolved" "https://registry.npmjs.org/typescript/-/typescript-5.2.2.tgz"
  "version" "5.2.2"
